
Microsoft Visual Studio Solution File, Format Version 12.00
# Visual Studio 15
VisualStudioVersion = 15.0.27703.2042
MinimumVisualStudioVersion = 10.0.40219.1
Project("{FAE04EC0-301F-11D3-BF4B-00C04F79EFBC}") = "AdventDay2", "AdventDay2.csproj", "{9E41572A-0063-4A2E-BFB0-4DC03A52F1EA}"
EndProject
Global
	GlobalSection(SolutionConfigurationPlatforms) = preSolution
		Debug|Any CPU = Debug|Any CPU
		Release|Any CPU = Release|Any CPU
	EndGlobalSection
	GlobalSection(ProjectConfigurationPlatforms) = postSolution
		{9E41572A-0063-4A2E-BFB0-4DC03A52F1EA}.Debug|Any CPU.ActiveCfg = Debug|Any CPU
		{9E41572A-0063-4A2E-BFB0-4DC03A52F1EA}.Debug|Any CPU.Build.0 = Debug|Any CPU
		{9E41572A-0063-4A2E-BFB0-4DC03A52F1EA}.Release|Any CPU.ActiveCfg = Release|Any CPU
		{9E41572A-0063-4A2E-BFB0-4DC03A52F1EA}.Release|Any CPU.Build.0 = Release|Any CPU
	EndGlobalSection
	GlobalSection(SolutionProperties) = preSolution
		HideSolutionNode = FALSE
	EndGlobalSection
	GlobalSection(ExtensibilityGlobals) = postSolution
		SolutionGuid = {B92281C4-D90C-47FB-B18B-F5EB06A575BD}
	EndGlobalSection
EndGlobal
