
Microsoft Visual Studio Solution File, Format Version 12.00
# Visual Studio 15
VisualStudioVersion = 15.0.27703.2042
MinimumVisualStudioVersion = 10.0.40219.1
Project("{FAE04EC0-301F-11D3-BF4B-00C04F79EFBC}") = "day5", "day5.csproj", "{9DFDB870-9DC8-409A-B0AE-E9155508E0E9}"
EndProject
Project("{FAE04EC0-301F-11D3-BF4B-00C04F79EFBC}") = "day5.Tests", "day5.Tests\day5.Tests.csproj", "{5EBD935F-8391-4BE0-955B-661FF7E44A6F}"
EndProject
Global
	GlobalSection(SolutionConfigurationPlatforms) = preSolution
		Debug|Any CPU = Debug|Any CPU
		Release|Any CPU = Release|Any CPU
	EndGlobalSection
	GlobalSection(ProjectConfigurationPlatforms) = postSolution
		{9DFDB870-9DC8-409A-B0AE-E9155508E0E9}.Debug|Any CPU.ActiveCfg = Debug|Any CPU
		{9DFDB870-9DC8-409A-B0AE-E9155508E0E9}.Debug|Any CPU.Build.0 = Debug|Any CPU
		{9DFDB870-9DC8-409A-B0AE-E9155508E0E9}.Release|Any CPU.ActiveCfg = Release|Any CPU
		{9DFDB870-9DC8-409A-B0AE-E9155508E0E9}.Release|Any CPU.Build.0 = Release|Any CPU
		{5EBD935F-8391-4BE0-955B-661FF7E44A6F}.Debug|Any CPU.ActiveCfg = Debug|Any CPU
		{5EBD935F-8391-4BE0-955B-661FF7E44A6F}.Debug|Any CPU.Build.0 = Debug|Any CPU
		{5EBD935F-8391-4BE0-955B-661FF7E44A6F}.Release|Any CPU.ActiveCfg = Release|Any CPU
		{5EBD935F-8391-4BE0-955B-661FF7E44A6F}.Release|Any CPU.Build.0 = Release|Any CPU
	EndGlobalSection
	GlobalSection(SolutionProperties) = preSolution
		HideSolutionNode = FALSE
	EndGlobalSection
	GlobalSection(ExtensibilityGlobals) = postSolution
		SolutionGuid = {8A7AD47F-0DC0-4863-BD12-B3AB721DF966}
	EndGlobalSection
EndGlobal
